
Microsoft Visual Studio Solution File, Format Version 12.00
# Visual Studio Version 17
VisualStudioVersion = 17.9.34723.18
MinimumVisualStudioVersion = 10.0.40219.1
Project("{9A19103F-16F7-4668-BE54-9A1E7A4F7556}") = "vfloresS7", "vfloresS7.csproj", "{847E0BAC-501B-420D-BC12-CFCA109FD4BD}"
EndProject
Global
	GlobalSection(SolutionConfigurationPlatforms) = preSolution
		Debug|Any CPU = Debug|Any CPU
		Release|Any CPU = Release|Any CPU
	EndGlobalSection
	GlobalSection(ProjectConfigurationPlatforms) = postSolution
		{847E0BAC-501B-420D-BC12-CFCA109FD4BD}.Debug|Any CPU.ActiveCfg = Debug|Any CPU
		{847E0BAC-501B-420D-BC12-CFCA109FD4BD}.Debug|Any CPU.Build.0 = Debug|Any CPU
		{847E0BAC-501B-420D-BC12-CFCA109FD4BD}.Debug|Any CPU.Deploy.0 = Debug|Any CPU
		{847E0BAC-501B-420D-BC12-CFCA109FD4BD}.Release|Any CPU.ActiveCfg = Release|Any CPU
		{847E0BAC-501B-420D-BC12-CFCA109FD4BD}.Release|Any CPU.Build.0 = Release|Any CPU
		{847E0BAC-501B-420D-BC12-CFCA109FD4BD}.Release|Any CPU.Deploy.0 = Release|Any CPU
	EndGlobalSection
	GlobalSection(SolutionProperties) = preSolution
		HideSolutionNode = FALSE
	EndGlobalSection
	GlobalSection(ExtensibilityGlobals) = postSolution
		SolutionGuid = {534B767F-62AB-414C-863A-7241B5A6AC5F}
	EndGlobalSection
EndGlobal
